{
  "object": {
    "pins": [
      {
        "package": "RegulaCommonSwift",
        "repositoryURL": "https://github.com/Darkzwer/CommonDepSwift.git",
        "state": {
          "branch": null,
          "revision": "433d38ae42e11e037bd8bcf7c26889b73c064326",
          "version": "7.2.487"
        }
      }
    ]
  },
  "version": 1
}
